
Microsoft Visual Studio Solution File, Format Version 12.00
# Visual Studio Version 17
VisualStudioVersion = 17.6.33801.468
MinimumVisualStudioVersion = 10.0.40219.1
Project("{FAE04EC0-301F-11D3-BF4B-00C04F79EFBC}") = "ShellSort", "ShellSort\ShellSort.csproj", "{600ADDA1-BE47-4ED3-AF30-2849ECA54E9E}"
EndProject
Global
	GlobalSection(SolutionConfigurationPlatforms) = preSolution
		Debug|Any CPU = Debug|Any CPU
		Release|Any CPU = Release|Any CPU
	EndGlobalSection
	GlobalSection(ProjectConfigurationPlatforms) = postSolution
		{600ADDA1-BE47-4ED3-AF30-2849ECA54E9E}.Debug|Any CPU.ActiveCfg = Debug|Any CPU
		{600ADDA1-BE47-4ED3-AF30-2849ECA54E9E}.Debug|Any CPU.Build.0 = Debug|Any CPU
		{600ADDA1-BE47-4ED3-AF30-2849ECA54E9E}.Release|Any CPU.ActiveCfg = Release|Any CPU
		{600ADDA1-BE47-4ED3-AF30-2849ECA54E9E}.Release|Any CPU.Build.0 = Release|Any CPU
	EndGlobalSection
	GlobalSection(SolutionProperties) = preSolution
		HideSolutionNode = FALSE
	EndGlobalSection
	GlobalSection(ExtensibilityGlobals) = postSolution
		SolutionGuid = {2037CDDB-4B1C-4D7E-BCE7-9A564CFFA7B8}
	EndGlobalSection
EndGlobal
